
Microsoft Visual Studio Solution File, Format Version 12.00
# Visual Studio Version 16
VisualStudioVersion = 16.0.30717.126
MinimumVisualStudioVersion = 10.0.40219.1
Project("{9A19103F-16F7-4668-BE54-9A1E7A4F7556}") = "Metotlar", "Metotlar\Metotlar.csproj", "{0A488135-C0C7-4BF8-BFD8-582D10C5AF9D}"
EndProject
Project("{9A19103F-16F7-4668-BE54-9A1E7A4F7556}") = "Matematik", "Matematik\Matematik.csproj", "{75DDBC80-4716-4757-B424-EEB05B979977}"
EndProject
Project("{9A19103F-16F7-4668-BE54-9A1E7A4F7556}") = "DegerVeReferansTipler", "DegerVeReferansTipler\DegerVeReferansTipler.csproj", "{C0921609-D401-4743-9C1F-595493D6EC32}"
EndProject
Project("{9A19103F-16F7-4668-BE54-9A1E7A4F7556}") = "OOP1", "OOP1\OOP1.csproj", "{9E767A5C-716F-4C49-AF33-EB56E4E65BA9}"
EndProject
Project("{9A19103F-16F7-4668-BE54-9A1E7A4F7556}") = "Koleksiyonlar", "Koleksiyonlar\Koleksiyonlar.csproj", "{62052828-299B-4768-9D53-06CE5D1AC7F6}"
EndProject
Project("{9A19103F-16F7-4668-BE54-9A1E7A4F7556}") = "GenericsIntro", "GenericsIntro\GenericsIntro.csproj", "{D7EC2C65-D6E7-4B54-B4F3-068CB5DA96E2}"
EndProject
Project("{FAE04EC0-301F-11D3-BF4B-00C04F79EFBC}") = "OOP2", "OOP2\OOP2.csproj", "{2F9F1790-E4C7-4BF3-9379-9FE464101872}"
EndProject
Project("{FAE04EC0-301F-11D3-BF4B-00C04F79EFBC}") = "OOP3", "OOP3\OOP3.csproj", "{8E2DAD10-4E41-4033-B2FC-CDAE52C208B8}"
EndProject
Global
	GlobalSection(SolutionConfigurationPlatforms) = preSolution
		Debug|Any CPU = Debug|Any CPU
		Release|Any CPU = Release|Any CPU
	EndGlobalSection
	GlobalSection(ProjectConfigurationPlatforms) = postSolution
		{0A488135-C0C7-4BF8-BFD8-582D10C5AF9D}.Debug|Any CPU.ActiveCfg = Debug|Any CPU
		{0A488135-C0C7-4BF8-BFD8-582D10C5AF9D}.Debug|Any CPU.Build.0 = Debug|Any CPU
		{0A488135-C0C7-4BF8-BFD8-582D10C5AF9D}.Release|Any CPU.ActiveCfg = Release|Any CPU
		{0A488135-C0C7-4BF8-BFD8-582D10C5AF9D}.Release|Any CPU.Build.0 = Release|Any CPU
		{75DDBC80-4716-4757-B424-EEB05B979977}.Debug|Any CPU.ActiveCfg = Debug|Any CPU
		{75DDBC80-4716-4757-B424-EEB05B979977}.Debug|Any CPU.Build.0 = Debug|Any CPU
		{75DDBC80-4716-4757-B424-EEB05B979977}.Release|Any CPU.ActiveCfg = Release|Any CPU
		{75DDBC80-4716-4757-B424-EEB05B979977}.Release|Any CPU.Build.0 = Release|Any CPU
		{C0921609-D401-4743-9C1F-595493D6EC32}.Debug|Any CPU.ActiveCfg = Debug|Any CPU
		{C0921609-D401-4743-9C1F-595493D6EC32}.Debug|Any CPU.Build.0 = Debug|Any CPU
		{C0921609-D401-4743-9C1F-595493D6EC32}.Release|Any CPU.ActiveCfg = Release|Any CPU
		{C0921609-D401-4743-9C1F-595493D6EC32}.Release|Any CPU.Build.0 = Release|Any CPU
		{9E767A5C-716F-4C49-AF33-EB56E4E65BA9}.Debug|Any CPU.ActiveCfg = Debug|Any CPU
		{9E767A5C-716F-4C49-AF33-EB56E4E65BA9}.Debug|Any CPU.Build.0 = Debug|Any CPU
		{9E767A5C-716F-4C49-AF33-EB56E4E65BA9}.Release|Any CPU.ActiveCfg = Release|Any CPU
		{9E767A5C-716F-4C49-AF33-EB56E4E65BA9}.Release|Any CPU.Build.0 = Release|Any CPU
		{62052828-299B-4768-9D53-06CE5D1AC7F6}.Debug|Any CPU.ActiveCfg = Debug|Any CPU
		{62052828-299B-4768-9D53-06CE5D1AC7F6}.Debug|Any CPU.Build.0 = Debug|Any CPU
		{62052828-299B-4768-9D53-06CE5D1AC7F6}.Release|Any CPU.ActiveCfg = Release|Any CPU
		{62052828-299B-4768-9D53-06CE5D1AC7F6}.Release|Any CPU.Build.0 = Release|Any CPU
		{D7EC2C65-D6E7-4B54-B4F3-068CB5DA96E2}.Debug|Any CPU.ActiveCfg = Debug|Any CPU
		{D7EC2C65-D6E7-4B54-B4F3-068CB5DA96E2}.Debug|Any CPU.Build.0 = Debug|Any CPU
		{D7EC2C65-D6E7-4B54-B4F3-068CB5DA96E2}.Release|Any CPU.ActiveCfg = Release|Any CPU
		{D7EC2C65-D6E7-4B54-B4F3-068CB5DA96E2}.Release|Any CPU.Build.0 = Release|Any CPU
		{2F9F1790-E4C7-4BF3-9379-9FE464101872}.Debug|Any CPU.ActiveCfg = Debug|Any CPU
		{2F9F1790-E4C7-4BF3-9379-9FE464101872}.Debug|Any CPU.Build.0 = Debug|Any CPU
		{2F9F1790-E4C7-4BF3-9379-9FE464101872}.Release|Any CPU.ActiveCfg = Release|Any CPU
		{2F9F1790-E4C7-4BF3-9379-9FE464101872}.Release|Any CPU.Build.0 = Release|Any CPU
		{8E2DAD10-4E41-4033-B2FC-CDAE52C208B8}.Debug|Any CPU.ActiveCfg = Debug|Any CPU
		{8E2DAD10-4E41-4033-B2FC-CDAE52C208B8}.Debug|Any CPU.Build.0 = Debug|Any CPU
		{8E2DAD10-4E41-4033-B2FC-CDAE52C208B8}.Release|Any CPU.ActiveCfg = Release|Any CPU
		{8E2DAD10-4E41-4033-B2FC-CDAE52C208B8}.Release|Any CPU.Build.0 = Release|Any CPU
	EndGlobalSection
	GlobalSection(SolutionProperties) = preSolution
		HideSolutionNode = FALSE
	EndGlobalSection
	GlobalSection(ExtensibilityGlobals) = postSolution
		SolutionGuid = {0188D13C-792E-4C82-9A0A-4E9A0885C7BF}
	EndGlobalSection
EndGlobal
